
Microsoft Visual Studio Solution File, Format Version 12.00
# Visual Studio Version 17
VisualStudioVersion = 17.7.34221.43
MinimumVisualStudioVersion = 10.0.40219.1
Project("{9A19103F-16F7-4668-BE54-9A1E7A4F7556}") = "InstTracker", "InstTracker\InstTracker.csproj", "{BDF8EA48-1855-4956-A471-CD88F70C94FC}"
EndProject
Global
	GlobalSection(SolutionConfigurationPlatforms) = preSolution
		Debug|Any CPU = Debug|Any CPU
		Release|Any CPU = Release|Any CPU
	EndGlobalSection
	GlobalSection(ProjectConfigurationPlatforms) = postSolution
		{BDF8EA48-1855-4956-A471-CD88F70C94FC}.Debug|Any CPU.ActiveCfg = Debug|Any CPU
		{BDF8EA48-1855-4956-A471-CD88F70C94FC}.Debug|Any CPU.Build.0 = Debug|Any CPU
		{BDF8EA48-1855-4956-A471-CD88F70C94FC}.Release|Any CPU.ActiveCfg = Release|Any CPU
		{BDF8EA48-1855-4956-A471-CD88F70C94FC}.Release|Any CPU.Build.0 = Release|Any CPU
	EndGlobalSection
	GlobalSection(SolutionProperties) = preSolution
		HideSolutionNode = FALSE
	EndGlobalSection
	GlobalSection(ExtensibilityGlobals) = postSolution
		SolutionGuid = {B7A47208-AD85-40A1-92B2-A9C1793C2C36}
	EndGlobalSection
EndGlobal
